
Microsoft Visual Studio Solution File, Format Version 12.00
# Visual Studio Version 16
VisualStudioVersion = 16.0.29519.87
MinimumVisualStudioVersion = 10.0.40219.1
Project("{9A19103F-16F7-4668-BE54-9A1E7A4F7556}") = "Parte03_ByteBank.AulaTres", "Parte03_ByteBank\Parte03_ByteBank.AulaTres.csproj", "{7B28DAF7-2096-4146-89C0-BC618C669EA8}"
EndProject
Project("{9A19103F-16F7-4668-BE54-9A1E7A4F7556}") = "Parte04_ByteBank.AulaQuatro", "Parte04_ByteBank\Parte04_ByteBank.AulaQuatro.csproj", "{BCBEFF0C-AECF-4094-BD16-AD5B04CFEAF0}"
EndProject
Project("{FAE04EC0-301F-11D3-BF4B-00C04F79EFBC}") = "Parte05_ByteBank.SistemaAgencia", "Parte05_ByteBank.SistemaAgencia\Parte05_ByteBank.SistemaAgencia.csproj", "{F93E5B52-94D8-47F6-80E4-8AE9D21A8268}"
EndProject
Project("{FAE04EC0-301F-11D3-BF4B-00C04F79EFBC}") = "Parte05_ByteBank.Modelos", "Parte05_ByteBank.Modelos\Parte05_ByteBank.Modelos.csproj", "{D1CB174F-8603-4D22-989C-B9ACADBEBDD3}"
EndProject
Global
	GlobalSection(SolutionConfigurationPlatforms) = preSolution
		Debug|Any CPU = Debug|Any CPU
		Debug|ARM = Debug|ARM
		Debug|ARM64 = Debug|ARM64
		Debug|x64 = Debug|x64
		Debug|x86 = Debug|x86
		Release|Any CPU = Release|Any CPU
		Release|ARM = Release|ARM
		Release|ARM64 = Release|ARM64
		Release|x64 = Release|x64
		Release|x86 = Release|x86
	EndGlobalSection
	GlobalSection(ProjectConfigurationPlatforms) = postSolution
		{7B28DAF7-2096-4146-89C0-BC618C669EA8}.Debug|Any CPU.ActiveCfg = Debug|Any CPU
		{7B28DAF7-2096-4146-89C0-BC618C669EA8}.Debug|Any CPU.Build.0 = Debug|Any CPU
		{7B28DAF7-2096-4146-89C0-BC618C669EA8}.Debug|ARM.ActiveCfg = Debug|Any CPU
		{7B28DAF7-2096-4146-89C0-BC618C669EA8}.Debug|ARM.Build.0 = Debug|Any CPU
		{7B28DAF7-2096-4146-89C0-BC618C669EA8}.Debug|ARM64.ActiveCfg = Debug|Any CPU
		{7B28DAF7-2096-4146-89C0-BC618C669EA8}.Debug|ARM64.Build.0 = Debug|Any CPU
		{7B28DAF7-2096-4146-89C0-BC618C669EA8}.Debug|x64.ActiveCfg = Debug|Any CPU
		{7B28DAF7-2096-4146-89C0-BC618C669EA8}.Debug|x64.Build.0 = Debug|Any CPU
		{7B28DAF7-2096-4146-89C0-BC618C669EA8}.Debug|x86.ActiveCfg = Debug|Any CPU
		{7B28DAF7-2096-4146-89C0-BC618C669EA8}.Debug|x86.Build.0 = Debug|Any CPU
		{7B28DAF7-2096-4146-89C0-BC618C669EA8}.Release|Any CPU.ActiveCfg = Release|Any CPU
		{7B28DAF7-2096-4146-89C0-BC618C669EA8}.Release|Any CPU.Build.0 = Release|Any CPU
		{7B28DAF7-2096-4146-89C0-BC618C669EA8}.Release|ARM.ActiveCfg = Release|Any CPU
		{7B28DAF7-2096-4146-89C0-BC618C669EA8}.Release|ARM.Build.0 = Release|Any CPU
		{7B28DAF7-2096-4146-89C0-BC618C669EA8}.Release|ARM64.ActiveCfg = Release|Any CPU
		{7B28DAF7-2096-4146-89C0-BC618C669EA8}.Release|ARM64.Build.0 = Release|Any CPU
		{7B28DAF7-2096-4146-89C0-BC618C669EA8}.Release|x64.ActiveCfg = Release|Any CPU
		{7B28DAF7-2096-4146-89C0-BC618C669EA8}.Release|x64.Build.0 = Release|Any CPU
		{7B28DAF7-2096-4146-89C0-BC618C669EA8}.Release|x86.ActiveCfg = Release|Any CPU
		{7B28DAF7-2096-4146-89C0-BC618C669EA8}.Release|x86.Build.0 = Release|Any CPU
		{BCBEFF0C-AECF-4094-BD16-AD5B04CFEAF0}.Debug|Any CPU.ActiveCfg = Debug|Any CPU
		{BCBEFF0C-AECF-4094-BD16-AD5B04CFEAF0}.Debug|Any CPU.Build.0 = Debug|Any CPU
		{BCBEFF0C-AECF-4094-BD16-AD5B04CFEAF0}.Debug|ARM.ActiveCfg = Debug|Any CPU
		{BCBEFF0C-AECF-4094-BD16-AD5B04CFEAF0}.Debug|ARM.Build.0 = Debug|Any CPU
		{BCBEFF0C-AECF-4094-BD16-AD5B04CFEAF0}.Debug|ARM64.ActiveCfg = Debug|Any CPU
		{BCBEFF0C-AECF-4094-BD16-AD5B04CFEAF0}.Debug|ARM64.Build.0 = Debug|Any CPU
		{BCBEFF0C-AECF-4094-BD16-AD5B04CFEAF0}.Debug|x64.ActiveCfg = Debug|Any CPU
		{BCBEFF0C-AECF-4094-BD16-AD5B04CFEAF0}.Debug|x64.Build.0 = Debug|Any CPU
		{BCBEFF0C-AECF-4094-BD16-AD5B04CFEAF0}.Debug|x86.ActiveCfg = Debug|Any CPU
		{BCBEFF0C-AECF-4094-BD16-AD5B04CFEAF0}.Debug|x86.Build.0 = Debug|Any CPU
		{BCBEFF0C-AECF-4094-BD16-AD5B04CFEAF0}.Release|Any CPU.ActiveCfg = Release|Any CPU
		{BCBEFF0C-AECF-4094-BD16-AD5B04CFEAF0}.Release|Any CPU.Build.0 = Release|Any CPU
		{BCBEFF0C-AECF-4094-BD16-AD5B04CFEAF0}.Release|ARM.ActiveCfg = Release|Any CPU
		{BCBEFF0C-AECF-4094-BD16-AD5B04CFEAF0}.Release|ARM.Build.0 = Release|Any CPU
		{BCBEFF0C-AECF-4094-BD16-AD5B04CFEAF0}.Release|ARM64.ActiveCfg = Release|Any CPU
		{BCBEFF0C-AECF-4094-BD16-AD5B04CFEAF0}.Release|ARM64.Build.0 = Release|Any CPU
		{BCBEFF0C-AECF-4094-BD16-AD5B04CFEAF0}.Release|x64.ActiveCfg = Release|Any CPU
		{BCBEFF0C-AECF-4094-BD16-AD5B04CFEAF0}.Release|x64.Build.0 = Release|Any CPU
		{BCBEFF0C-AECF-4094-BD16-AD5B04CFEAF0}.Release|x86.ActiveCfg = Release|Any CPU
		{BCBEFF0C-AECF-4094-BD16-AD5B04CFEAF0}.Release|x86.Build.0 = Release|Any CPU
		{F93E5B52-94D8-47F6-80E4-8AE9D21A8268}.Debug|Any CPU.ActiveCfg = Debug|Any CPU
		{F93E5B52-94D8-47F6-80E4-8AE9D21A8268}.Debug|Any CPU.Build.0 = Debug|Any CPU
		{F93E5B52-94D8-47F6-80E4-8AE9D21A8268}.Debug|ARM.ActiveCfg = Debug|Any CPU
		{F93E5B52-94D8-47F6-80E4-8AE9D21A8268}.Debug|ARM.Build.0 = Debug|Any CPU
		{F93E5B52-94D8-47F6-80E4-8AE9D21A8268}.Debug|ARM64.ActiveCfg = Debug|Any CPU
		{F93E5B52-94D8-47F6-80E4-8AE9D21A8268}.Debug|ARM64.Build.0 = Debug|Any CPU
		{F93E5B52-94D8-47F6-80E4-8AE9D21A8268}.Debug|x64.ActiveCfg = Debug|Any CPU
		{F93E5B52-94D8-47F6-80E4-8AE9D21A8268}.Debug|x64.Build.0 = Debug|Any CPU
		{F93E5B52-94D8-47F6-80E4-8AE9D21A8268}.Debug|x86.ActiveCfg = Debug|Any CPU
		{F93E5B52-94D8-47F6-80E4-8AE9D21A8268}.Debug|x86.Build.0 = Debug|Any CPU
		{F93E5B52-94D8-47F6-80E4-8AE9D21A8268}.Release|Any CPU.ActiveCfg = Release|Any CPU
		{F93E5B52-94D8-47F6-80E4-8AE9D21A8268}.Release|Any CPU.Build.0 = Release|Any CPU
		{F93E5B52-94D8-47F6-80E4-8AE9D21A8268}.Release|ARM.ActiveCfg = Release|Any CPU
		{F93E5B52-94D8-47F6-80E4-8AE9D21A8268}.Release|ARM.Build.0 = Release|Any CPU
		{F93E5B52-94D8-47F6-80E4-8AE9D21A8268}.Release|ARM64.ActiveCfg = Release|Any CPU
		{F93E5B52-94D8-47F6-80E4-8AE9D21A8268}.Release|ARM64.Build.0 = Release|Any CPU
		{F93E5B52-94D8-47F6-80E4-8AE9D21A8268}.Release|x64.ActiveCfg = Release|Any CPU
		{F93E5B52-94D8-47F6-80E4-8AE9D21A8268}.Release|x64.Build.0 = Release|Any CPU
		{F93E5B52-94D8-47F6-80E4-8AE9D21A8268}.Release|x86.ActiveCfg = Release|Any CPU
		{F93E5B52-94D8-47F6-80E4-8AE9D21A8268}.Release|x86.Build.0 = Release|Any CPU
		{D1CB174F-8603-4D22-989C-B9ACADBEBDD3}.Debug|Any CPU.ActiveCfg = Debug|Any CPU
		{D1CB174F-8603-4D22-989C-B9ACADBEBDD3}.Debug|Any CPU.Build.0 = Debug|Any CPU
		{D1CB174F-8603-4D22-989C-B9ACADBEBDD3}.Debug|ARM.ActiveCfg = Debug|ARM
		{D1CB174F-8603-4D22-989C-B9ACADBEBDD3}.Debug|ARM.Build.0 = Debug|ARM
		{D1CB174F-8603-4D22-989C-B9ACADBEBDD3}.Debug|ARM64.ActiveCfg = Debug|ARM64
		{D1CB174F-8603-4D22-989C-B9ACADBEBDD3}.Debug|ARM64.Build.0 = Debug|ARM64
		{D1CB174F-8603-4D22-989C-B9ACADBEBDD3}.Debug|x64.ActiveCfg = Debug|x64
		{D1CB174F-8603-4D22-989C-B9ACADBEBDD3}.Debug|x64.Build.0 = Debug|x64
		{D1CB174F-8603-4D22-989C-B9ACADBEBDD3}.Debug|x86.ActiveCfg = Debug|x86
		{D1CB174F-8603-4D22-989C-B9ACADBEBDD3}.Debug|x86.Build.0 = Debug|x86
		{D1CB174F-8603-4D22-989C-B9ACADBEBDD3}.Release|Any CPU.ActiveCfg = Release|Any CPU
		{D1CB174F-8603-4D22-989C-B9ACADBEBDD3}.Release|Any CPU.Build.0 = Release|Any CPU
		{D1CB174F-8603-4D22-989C-B9ACADBEBDD3}.Release|ARM.ActiveCfg = Release|ARM
		{D1CB174F-8603-4D22-989C-B9ACADBEBDD3}.Release|ARM.Build.0 = Release|ARM
		{D1CB174F-8603-4D22-989C-B9ACADBEBDD3}.Release|ARM64.ActiveCfg = Release|ARM64
		{D1CB174F-8603-4D22-989C-B9ACADBEBDD3}.Release|ARM64.Build.0 = Release|ARM64
		{D1CB174F-8603-4D22-989C-B9ACADBEBDD3}.Release|x64.ActiveCfg = Release|x64
		{D1CB174F-8603-4D22-989C-B9ACADBEBDD3}.Release|x64.Build.0 = Release|x64
		{D1CB174F-8603-4D22-989C-B9ACADBEBDD3}.Release|x86.ActiveCfg = Release|x86
		{D1CB174F-8603-4D22-989C-B9ACADBEBDD3}.Release|x86.Build.0 = Release|x86
	EndGlobalSection
	GlobalSection(SolutionProperties) = preSolution
		HideSolutionNode = FALSE
	EndGlobalSection
	GlobalSection(ExtensibilityGlobals) = postSolution
		SolutionGuid = {E2445137-340A-4A80-B301-713E721D9726}
	EndGlobalSection
EndGlobal
